
Microsoft Visual Studio Solution File, Format Version 12.00
# Visual Studio 15
VisualStudioVersion = 15.0.26124.0
MinimumVisualStudioVersion = 15.0.26124.0
Project("{FAE04EC0-301F-11D3-BF4B-00C04F79EFBC}") = "ProAgil.API", "ProAgil.API\ProAgil.API.csproj", "{797092DC-312C-4EDF-BB9A-B7AC91FC2701}"
EndProject
Project("{FAE04EC0-301F-11D3-BF4B-00C04F79EFBC}") = "ProAgil.Repository", "ProAgil.Repository\ProAgil.Repository.csproj", "{2A263B6C-AC3F-4CF1-9C2B-3AF1FEEBB37D}"
EndProject
Project("{FAE04EC0-301F-11D3-BF4B-00C04F79EFBC}") = "ProAgil.Domain", "ProAgil.Domain\ProAgil.Domain.csproj", "{91FF9B16-5C71-4027-A237-B1DCEAAC5AC3}"
EndProject
Global
	GlobalSection(SolutionConfigurationPlatforms) = preSolution
		Debug|Any CPU = Debug|Any CPU
		Debug|x64 = Debug|x64
		Debug|x86 = Debug|x86
		Release|Any CPU = Release|Any CPU
		Release|x64 = Release|x64
		Release|x86 = Release|x86
	EndGlobalSection
	GlobalSection(SolutionProperties) = preSolution
		HideSolutionNode = FALSE
	EndGlobalSection
	GlobalSection(ProjectConfigurationPlatforms) = postSolution
		{797092DC-312C-4EDF-BB9A-B7AC91FC2701}.Debug|Any CPU.ActiveCfg = Debug|Any CPU
		{797092DC-312C-4EDF-BB9A-B7AC91FC2701}.Debug|Any CPU.Build.0 = Debug|Any CPU
		{797092DC-312C-4EDF-BB9A-B7AC91FC2701}.Debug|x64.ActiveCfg = Debug|Any CPU
		{797092DC-312C-4EDF-BB9A-B7AC91FC2701}.Debug|x64.Build.0 = Debug|Any CPU
		{797092DC-312C-4EDF-BB9A-B7AC91FC2701}.Debug|x86.ActiveCfg = Debug|Any CPU
		{797092DC-312C-4EDF-BB9A-B7AC91FC2701}.Debug|x86.Build.0 = Debug|Any CPU
		{797092DC-312C-4EDF-BB9A-B7AC91FC2701}.Release|Any CPU.ActiveCfg = Release|Any CPU
		{797092DC-312C-4EDF-BB9A-B7AC91FC2701}.Release|Any CPU.Build.0 = Release|Any CPU
		{797092DC-312C-4EDF-BB9A-B7AC91FC2701}.Release|x64.ActiveCfg = Release|Any CPU
		{797092DC-312C-4EDF-BB9A-B7AC91FC2701}.Release|x64.Build.0 = Release|Any CPU
		{797092DC-312C-4EDF-BB9A-B7AC91FC2701}.Release|x86.ActiveCfg = Release|Any CPU
		{797092DC-312C-4EDF-BB9A-B7AC91FC2701}.Release|x86.Build.0 = Release|Any CPU
		{2A263B6C-AC3F-4CF1-9C2B-3AF1FEEBB37D}.Debug|Any CPU.ActiveCfg = Debug|Any CPU
		{2A263B6C-AC3F-4CF1-9C2B-3AF1FEEBB37D}.Debug|Any CPU.Build.0 = Debug|Any CPU
		{2A263B6C-AC3F-4CF1-9C2B-3AF1FEEBB37D}.Debug|x64.ActiveCfg = Debug|Any CPU
		{2A263B6C-AC3F-4CF1-9C2B-3AF1FEEBB37D}.Debug|x64.Build.0 = Debug|Any CPU
		{2A263B6C-AC3F-4CF1-9C2B-3AF1FEEBB37D}.Debug|x86.ActiveCfg = Debug|Any CPU
		{2A263B6C-AC3F-4CF1-9C2B-3AF1FEEBB37D}.Debug|x86.Build.0 = Debug|Any CPU
		{2A263B6C-AC3F-4CF1-9C2B-3AF1FEEBB37D}.Release|Any CPU.ActiveCfg = Release|Any CPU
		{2A263B6C-AC3F-4CF1-9C2B-3AF1FEEBB37D}.Release|Any CPU.Build.0 = Release|Any CPU
		{2A263B6C-AC3F-4CF1-9C2B-3AF1FEEBB37D}.Release|x64.ActiveCfg = Release|Any CPU
		{2A263B6C-AC3F-4CF1-9C2B-3AF1FEEBB37D}.Release|x64.Build.0 = Release|Any CPU
		{2A263B6C-AC3F-4CF1-9C2B-3AF1FEEBB37D}.Release|x86.ActiveCfg = Release|Any CPU
		{2A263B6C-AC3F-4CF1-9C2B-3AF1FEEBB37D}.Release|x86.Build.0 = Release|Any CPU
		{91FF9B16-5C71-4027-A237-B1DCEAAC5AC3}.Debug|Any CPU.ActiveCfg = Debug|Any CPU
		{91FF9B16-5C71-4027-A237-B1DCEAAC5AC3}.Debug|Any CPU.Build.0 = Debug|Any CPU
		{91FF9B16-5C71-4027-A237-B1DCEAAC5AC3}.Debug|x64.ActiveCfg = Debug|Any CPU
		{91FF9B16-5C71-4027-A237-B1DCEAAC5AC3}.Debug|x64.Build.0 = Debug|Any CPU
		{91FF9B16-5C71-4027-A237-B1DCEAAC5AC3}.Debug|x86.ActiveCfg = Debug|Any CPU
		{91FF9B16-5C71-4027-A237-B1DCEAAC5AC3}.Debug|x86.Build.0 = Debug|Any CPU
		{91FF9B16-5C71-4027-A237-B1DCEAAC5AC3}.Release|Any CPU.ActiveCfg = Release|Any CPU
		{91FF9B16-5C71-4027-A237-B1DCEAAC5AC3}.Release|Any CPU.Build.0 = Release|Any CPU
		{91FF9B16-5C71-4027-A237-B1DCEAAC5AC3}.Release|x64.ActiveCfg = Release|Any CPU
		{91FF9B16-5C71-4027-A237-B1DCEAAC5AC3}.Release|x64.Build.0 = Release|Any CPU
		{91FF9B16-5C71-4027-A237-B1DCEAAC5AC3}.Release|x86.ActiveCfg = Release|Any CPU
		{91FF9B16-5C71-4027-A237-B1DCEAAC5AC3}.Release|x86.Build.0 = Release|Any CPU
	EndGlobalSection
EndGlobal
